
Microsoft Visual Studio Solution File, Format Version 12.00
# Visual Studio Version 17
VisualStudioVersion = 17.6.33815.320
MinimumVisualStudioVersion = 10.0.40219.1
Project("{9A19103F-16F7-4668-BE54-9A1E7A4F7556}") = "Laoyoutiao.webapi", "Laoyoutiao.webapi\Laoyoutiao.webapi.csproj", "{CB4A83EF-30A9-4CA8-94B6-5A97F84B8448}"
EndProject
Project("{9A19103F-16F7-4668-BE54-9A1E7A4F7556}") = "Laoyoutiao.Enums", "Laoyoutiao.enums\Laoyoutiao.Enums.csproj", "{2118A0D5-785F-4F40-BBF7-748C9713BA27}"
EndProject
Project("{9A19103F-16F7-4668-BE54-9A1E7A4F7556}") = "Laoyoutiao.Models", "Laoyoutiao.Entities\Laoyoutiao.Models.csproj", "{85C87C8F-E0F3-4810-8892-274DFBAF17F6}"
EndProject
Project("{9A19103F-16F7-4668-BE54-9A1E7A4F7556}") = "Laoyoutiao.Common", "Laoyoutiao.Common\Laoyoutiao.Common.csproj", "{5C7CFBFD-34AC-4C4C-8831-4BC333D59BB9}"
EndProject
Project("{9A19103F-16F7-4668-BE54-9A1E7A4F7556}") = "Laoyoutiao.IService", "Laoyoutiao.IService\Laoyoutiao.IService.csproj", "{774FB445-6F78-4A02-92D6-E98E9B48531A}"
EndProject
Project("{9A19103F-16F7-4668-BE54-9A1E7A4F7556}") = "Laoyoutiao.Service", "Laoyoutiao.Service\Laoyoutiao.Service.csproj", "{53F35405-0369-41B0-BEE7-CFF904F7721E}"
EndProject
Project("{9A19103F-16F7-4668-BE54-9A1E7A4F7556}") = "Laoyoutiao.Repository", "Laoyoutiao.Repository\Laoyoutiao.Repository.csproj", "{CDAFB60C-874E-445C-827E-C80495FD9FFF}"
EndProject
Project("{9A19103F-16F7-4668-BE54-9A1E7A4F7556}") = "Laoyoutiao.IRespository", "Laoyoutiao.IRespository\Laoyoutiao.IRespository.csproj", "{57E9F8DE-E4AE-44C6-87D8-109A3ACE3A00}"
EndProject
Project("{2150E333-8FDC-42A3-9474-1A3956D46DE8}") = "Service", "Service", "{E8AF435F-732D-4441-B8F6-C0284F55D116}"
EndProject
Project("{2150E333-8FDC-42A3-9474-1A3956D46DE8}") = "Model", "Model", "{9E92B91B-2EA1-4E4E-9075-21810D3EE4B9}"
EndProject
Project("{2150E333-8FDC-42A3-9474-1A3956D46DE8}") = "Common", "Common", "{F5E6113E-CD8C-4005-ABB3-AD579526BE76}"
EndProject
Project("{2150E333-8FDC-42A3-9474-1A3956D46DE8}") = "Respositoty", "Respositoty", "{3100224B-CC9A-4B9C-89C8-F6D9FEA910AA}"
EndProject
Project("{2150E333-8FDC-42A3-9474-1A3956D46DE8}") = "Web", "Web", "{A679BE9E-EC8A-4EE2-A4E9-C668159D674D}"
EndProject
Project("{9A19103F-16F7-4668-BE54-9A1E7A4F7556}") = "Laoyoutiao.WorkFlow.Core", "Laoyoutiao.WorkFlow.Core\Laoyoutiao.WorkFlow.Core.csproj", "{EC85B9F6-88A0-43D1-8FB6-D3F210372C46}"
EndProject
Project("{9A19103F-16F7-4668-BE54-9A1E7A4F7556}") = "Laoyoutiao.Tasks.Core", "Laoyoutiao.Task\Laoyoutiao.Tasks.Core.csproj", "{75543845-4C5A-4881-B427-39E82B9250D6}"
EndProject
Project("{9A19103F-16F7-4668-BE54-9A1E7A4F7556}") = "Laoyoutiao.Jobs", "Laoyoutiao.Jobs\Laoyoutiao.Jobs.csproj", "{5F9B8669-5BEA-45CD-80EA-FAA32D3EEDB6}"
EndProject
Project("{9A19103F-16F7-4668-BE54-9A1E7A4F7556}") = "Laoyoutiao.Caches", "Laoyoutiao.Cache\Laoyoutiao.Caches.csproj", "{810ED209-0D25-449C-8EBE-95D58D55AFD4}"
EndProject
Project("{9A19103F-16F7-4668-BE54-9A1E7A4F7556}") = "Laoyoutiao.Extends", "Laoyoutiao.Extends\Laoyoutiao.Extends.csproj", "{D5ECF0D4-A83A-4AD4-B908-AADF83B0C2DA}"
EndProject
Project("{FAE04EC0-301F-11D3-BF4B-00C04F79EFBC}") = "CustomerMessager", "CustomerMessager\CustomerMessager.csproj", "{6572EC0F-D85D-457F-90C0-3A9F2E7689C5}"
EndProject
Project("{2150E333-8FDC-42A3-9474-1A3956D46DE8}") = "CustomerMsg", "CustomerMsg", "{30C6CDCB-B6DD-4B8D-BB55-4F11853FD42D}"
EndProject
Project("{FAE04EC0-301F-11D3-BF4B-00C04F79EFBC}") = "CustomerMsgTest", "CustomerMsgTest\CustomerMsgTest.csproj", "{53F88211-0272-4551-9CB4-A9E9620936BF}"
EndProject
Global
	GlobalSection(SolutionConfigurationPlatforms) = preSolution
		Debug|Any CPU = Debug|Any CPU
		Release|Any CPU = Release|Any CPU
	EndGlobalSection
	GlobalSection(ProjectConfigurationPlatforms) = postSolution
		{CB4A83EF-30A9-4CA8-94B6-5A97F84B8448}.Debug|Any CPU.ActiveCfg = Debug|Any CPU
		{CB4A83EF-30A9-4CA8-94B6-5A97F84B8448}.Debug|Any CPU.Build.0 = Debug|Any CPU
		{CB4A83EF-30A9-4CA8-94B6-5A97F84B8448}.Release|Any CPU.ActiveCfg = Release|Any CPU
		{CB4A83EF-30A9-4CA8-94B6-5A97F84B8448}.Release|Any CPU.Build.0 = Release|Any CPU
		{2118A0D5-785F-4F40-BBF7-748C9713BA27}.Debug|Any CPU.ActiveCfg = Debug|Any CPU
		{2118A0D5-785F-4F40-BBF7-748C9713BA27}.Debug|Any CPU.Build.0 = Debug|Any CPU
		{2118A0D5-785F-4F40-BBF7-748C9713BA27}.Release|Any CPU.ActiveCfg = Release|Any CPU
		{2118A0D5-785F-4F40-BBF7-748C9713BA27}.Release|Any CPU.Build.0 = Release|Any CPU
		{85C87C8F-E0F3-4810-8892-274DFBAF17F6}.Debug|Any CPU.ActiveCfg = Debug|Any CPU
		{85C87C8F-E0F3-4810-8892-274DFBAF17F6}.Debug|Any CPU.Build.0 = Debug|Any CPU
		{85C87C8F-E0F3-4810-8892-274DFBAF17F6}.Release|Any CPU.ActiveCfg = Release|Any CPU
		{85C87C8F-E0F3-4810-8892-274DFBAF17F6}.Release|Any CPU.Build.0 = Release|Any CPU
		{5C7CFBFD-34AC-4C4C-8831-4BC333D59BB9}.Debug|Any CPU.ActiveCfg = Debug|Any CPU
		{5C7CFBFD-34AC-4C4C-8831-4BC333D59BB9}.Debug|Any CPU.Build.0 = Debug|Any CPU
		{5C7CFBFD-34AC-4C4C-8831-4BC333D59BB9}.Release|Any CPU.ActiveCfg = Release|Any CPU
		{5C7CFBFD-34AC-4C4C-8831-4BC333D59BB9}.Release|Any CPU.Build.0 = Release|Any CPU
		{774FB445-6F78-4A02-92D6-E98E9B48531A}.Debug|Any CPU.ActiveCfg = Debug|Any CPU
		{774FB445-6F78-4A02-92D6-E98E9B48531A}.Debug|Any CPU.Build.0 = Debug|Any CPU
		{774FB445-6F78-4A02-92D6-E98E9B48531A}.Release|Any CPU.ActiveCfg = Release|Any CPU
		{774FB445-6F78-4A02-92D6-E98E9B48531A}.Release|Any CPU.Build.0 = Release|Any CPU
		{53F35405-0369-41B0-BEE7-CFF904F7721E}.Debug|Any CPU.ActiveCfg = Debug|Any CPU
		{53F35405-0369-41B0-BEE7-CFF904F7721E}.Debug|Any CPU.Build.0 = Debug|Any CPU
		{53F35405-0369-41B0-BEE7-CFF904F7721E}.Release|Any CPU.ActiveCfg = Release|Any CPU
		{53F35405-0369-41B0-BEE7-CFF904F7721E}.Release|Any CPU.Build.0 = Release|Any CPU
		{CDAFB60C-874E-445C-827E-C80495FD9FFF}.Debug|Any CPU.ActiveCfg = Debug|Any CPU
		{CDAFB60C-874E-445C-827E-C80495FD9FFF}.Debug|Any CPU.Build.0 = Debug|Any CPU
		{CDAFB60C-874E-445C-827E-C80495FD9FFF}.Release|Any CPU.ActiveCfg = Release|Any CPU
		{CDAFB60C-874E-445C-827E-C80495FD9FFF}.Release|Any CPU.Build.0 = Release|Any CPU
		{57E9F8DE-E4AE-44C6-87D8-109A3ACE3A00}.Debug|Any CPU.ActiveCfg = Debug|Any CPU
		{57E9F8DE-E4AE-44C6-87D8-109A3ACE3A00}.Debug|Any CPU.Build.0 = Debug|Any CPU
		{57E9F8DE-E4AE-44C6-87D8-109A3ACE3A00}.Release|Any CPU.ActiveCfg = Release|Any CPU
		{57E9F8DE-E4AE-44C6-87D8-109A3ACE3A00}.Release|Any CPU.Build.0 = Release|Any CPU
		{EC85B9F6-88A0-43D1-8FB6-D3F210372C46}.Debug|Any CPU.ActiveCfg = Debug|Any CPU
		{EC85B9F6-88A0-43D1-8FB6-D3F210372C46}.Debug|Any CPU.Build.0 = Debug|Any CPU
		{EC85B9F6-88A0-43D1-8FB6-D3F210372C46}.Release|Any CPU.ActiveCfg = Release|Any CPU
		{EC85B9F6-88A0-43D1-8FB6-D3F210372C46}.Release|Any CPU.Build.0 = Release|Any CPU
		{75543845-4C5A-4881-B427-39E82B9250D6}.Debug|Any CPU.ActiveCfg = Debug|Any CPU
		{75543845-4C5A-4881-B427-39E82B9250D6}.Debug|Any CPU.Build.0 = Debug|Any CPU
		{75543845-4C5A-4881-B427-39E82B9250D6}.Release|Any CPU.ActiveCfg = Release|Any CPU
		{75543845-4C5A-4881-B427-39E82B9250D6}.Release|Any CPU.Build.0 = Release|Any CPU
		{5F9B8669-5BEA-45CD-80EA-FAA32D3EEDB6}.Debug|Any CPU.ActiveCfg = Debug|Any CPU
		{5F9B8669-5BEA-45CD-80EA-FAA32D3EEDB6}.Debug|Any CPU.Build.0 = Debug|Any CPU
		{5F9B8669-5BEA-45CD-80EA-FAA32D3EEDB6}.Release|Any CPU.ActiveCfg = Release|Any CPU
		{5F9B8669-5BEA-45CD-80EA-FAA32D3EEDB6}.Release|Any CPU.Build.0 = Release|Any CPU
		{810ED209-0D25-449C-8EBE-95D58D55AFD4}.Debug|Any CPU.ActiveCfg = Debug|Any CPU
		{810ED209-0D25-449C-8EBE-95D58D55AFD4}.Debug|Any CPU.Build.0 = Debug|Any CPU
		{810ED209-0D25-449C-8EBE-95D58D55AFD4}.Release|Any CPU.ActiveCfg = Release|Any CPU
		{810ED209-0D25-449C-8EBE-95D58D55AFD4}.Release|Any CPU.Build.0 = Release|Any CPU
		{D5ECF0D4-A83A-4AD4-B908-AADF83B0C2DA}.Debug|Any CPU.ActiveCfg = Debug|Any CPU
		{D5ECF0D4-A83A-4AD4-B908-AADF83B0C2DA}.Debug|Any CPU.Build.0 = Debug|Any CPU
		{D5ECF0D4-A83A-4AD4-B908-AADF83B0C2DA}.Release|Any CPU.ActiveCfg = Release|Any CPU
		{D5ECF0D4-A83A-4AD4-B908-AADF83B0C2DA}.Release|Any CPU.Build.0 = Release|Any CPU
		{6572EC0F-D85D-457F-90C0-3A9F2E7689C5}.Debug|Any CPU.ActiveCfg = Debug|Any CPU
		{6572EC0F-D85D-457F-90C0-3A9F2E7689C5}.Debug|Any CPU.Build.0 = Debug|Any CPU
		{6572EC0F-D85D-457F-90C0-3A9F2E7689C5}.Release|Any CPU.ActiveCfg = Release|Any CPU
		{6572EC0F-D85D-457F-90C0-3A9F2E7689C5}.Release|Any CPU.Build.0 = Release|Any CPU
		{53F88211-0272-4551-9CB4-A9E9620936BF}.Debug|Any CPU.ActiveCfg = Debug|Any CPU
		{53F88211-0272-4551-9CB4-A9E9620936BF}.Debug|Any CPU.Build.0 = Debug|Any CPU
		{53F88211-0272-4551-9CB4-A9E9620936BF}.Release|Any CPU.ActiveCfg = Release|Any CPU
		{53F88211-0272-4551-9CB4-A9E9620936BF}.Release|Any CPU.Build.0 = Release|Any CPU
	EndGlobalSection
	GlobalSection(SolutionProperties) = preSolution
		HideSolutionNode = FALSE
	EndGlobalSection
	GlobalSection(NestedProjects) = preSolution
		{CB4A83EF-30A9-4CA8-94B6-5A97F84B8448} = {A679BE9E-EC8A-4EE2-A4E9-C668159D674D}
		{2118A0D5-785F-4F40-BBF7-748C9713BA27} = {9E92B91B-2EA1-4E4E-9075-21810D3EE4B9}
		{85C87C8F-E0F3-4810-8892-274DFBAF17F6} = {9E92B91B-2EA1-4E4E-9075-21810D3EE4B9}
		{5C7CFBFD-34AC-4C4C-8831-4BC333D59BB9} = {F5E6113E-CD8C-4005-ABB3-AD579526BE76}
		{774FB445-6F78-4A02-92D6-E98E9B48531A} = {E8AF435F-732D-4441-B8F6-C0284F55D116}
		{53F35405-0369-41B0-BEE7-CFF904F7721E} = {E8AF435F-732D-4441-B8F6-C0284F55D116}
		{CDAFB60C-874E-445C-827E-C80495FD9FFF} = {3100224B-CC9A-4B9C-89C8-F6D9FEA910AA}
		{57E9F8DE-E4AE-44C6-87D8-109A3ACE3A00} = {3100224B-CC9A-4B9C-89C8-F6D9FEA910AA}
		{EC85B9F6-88A0-43D1-8FB6-D3F210372C46} = {E8AF435F-732D-4441-B8F6-C0284F55D116}
		{6572EC0F-D85D-457F-90C0-3A9F2E7689C5} = {30C6CDCB-B6DD-4B8D-BB55-4F11853FD42D}
		{53F88211-0272-4551-9CB4-A9E9620936BF} = {30C6CDCB-B6DD-4B8D-BB55-4F11853FD42D}
	EndGlobalSection
	GlobalSection(ExtensibilityGlobals) = postSolution
		SolutionGuid = {CFF8B650-620E-4C5E-AB26-DEC14C5B894F}
	EndGlobalSection
EndGlobal
